
Microsoft Visual Studio Solution File, Format Version 12.00
# Visual Studio Version 16
VisualStudioVersion = 16.0.31702.278
MinimumVisualStudioVersion = 10.0.40219.1
Project("{FAE04EC0-301F-11D3-BF4B-00C04F79EFBC}") = "ProtectingPublicMethodsFromUnauthorizedCalling", "ProtectingPublicMethodsFromUnauthorizedCalling\ProtectingPublicMethodsFromUnauthorizedCalling.csproj", "{63B33B0C-4081-49EF-8F7D-1AB6BEA0ABDA}"
EndProject
Global
	GlobalSection(SolutionConfigurationPlatforms) = preSolution
		Debug|Any CPU = Debug|Any CPU
		Release|Any CPU = Release|Any CPU
	EndGlobalSection
	GlobalSection(ProjectConfigurationPlatforms) = postSolution
		{63B33B0C-4081-49EF-8F7D-1AB6BEA0ABDA}.Debug|Any CPU.ActiveCfg = Debug|Any CPU
		{63B33B0C-4081-49EF-8F7D-1AB6BEA0ABDA}.Debug|Any CPU.Build.0 = Debug|Any CPU
		{63B33B0C-4081-49EF-8F7D-1AB6BEA0ABDA}.Release|Any CPU.ActiveCfg = Release|Any CPU
		{63B33B0C-4081-49EF-8F7D-1AB6BEA0ABDA}.Release|Any CPU.Build.0 = Release|Any CPU
	EndGlobalSection
	GlobalSection(SolutionProperties) = preSolution
		HideSolutionNode = FALSE
	EndGlobalSection
	GlobalSection(ExtensibilityGlobals) = postSolution
		SolutionGuid = {045ABF72-E178-4B7C-AA62-D5FC3512B587}
	EndGlobalSection
EndGlobal
